
Microsoft Visual Studio Solution File, Format Version 12.00
# Visual Studio Version 16
VisualStudioVersion = 16.0.30204.135
MinimumVisualStudioVersion = 10.0.40219.1
Project("{FAE04EC0-301F-11D3-BF4B-00C04F79EFBC}") = "Test_Owin_Identity", "Test_Owin_Identity.csproj", "{5425D672-F434-466B-8EDF-9B072B52393F}"
EndProject
Global
	GlobalSection(SolutionConfigurationPlatforms) = preSolution
		Debug|Any CPU = Debug|Any CPU
		Release|Any CPU = Release|Any CPU
	EndGlobalSection
	GlobalSection(ProjectConfigurationPlatforms) = postSolution
		{5425D672-F434-466B-8EDF-9B072B52393F}.Debug|Any CPU.ActiveCfg = Debug|Any CPU
		{5425D672-F434-466B-8EDF-9B072B52393F}.Debug|Any CPU.Build.0 = Debug|Any CPU
		{5425D672-F434-466B-8EDF-9B072B52393F}.Release|Any CPU.ActiveCfg = Release|Any CPU
		{5425D672-F434-466B-8EDF-9B072B52393F}.Release|Any CPU.Build.0 = Release|Any CPU
	EndGlobalSection
	GlobalSection(SolutionProperties) = preSolution
		HideSolutionNode = FALSE
	EndGlobalSection
	GlobalSection(ExtensibilityGlobals) = postSolution
		SolutionGuid = {A58B1FDB-7BA0-476A-A126-0065021C6CE9}
	EndGlobalSection
EndGlobal
